# This file is automatically @generated by Cargo.
# It is not intended for manual editing.
version = 3

[[package]]
name = "ex07"
version = "0.1.0"
dependencies = [
 "ftkit",
 "unicode-width",
]

[[package]]
name = "ftkit"
version = "0.1.12"
source = "registry+https://github.com/rust-lang/crates.io-index"
checksum = "142b7f33b88c53eae92cf58175baf6903f4a3cd1a995d9446168c6b752e08718"

[[package]]
name = "unicode-width"
version = "0.1.11"
source = "registry+https://github.com/rust-lang/crates.io-index"
checksum = "e51733f11c9c4f72aa0c160008246859e340b00807569a0da0e7a1079b27ba85"
